
Microsoft Visual Studio Solution File, Format Version 12.00
# Visual Studio Version 17
VisualStudioVersion = 17.10.35122.118
MinimumVisualStudioVersion = 10.0.40219.1
Project("{8BC9CEB8-8B4A-11D0-8D11-00A0C91BC942}") = "Connect 4 Attack", "Connect 4 Attack\Connect 4 Attack.vcxproj", "{3477AAE6-360F-4678-BF75-D678DE35C36A}"
EndProject
Global
	GlobalSection(SolutionConfigurationPlatforms) = preSolution
		Debug|x64 = Debug|x64
		Debug|x86 = Debug|x86
		Release|x64 = Release|x64
		Release|x86 = Release|x86
	EndGlobalSection
	GlobalSection(ProjectConfigurationPlatforms) = postSolution
		{3477AAE6-360F-4678-BF75-D678DE35C36A}.Debug|x64.ActiveCfg = Debug|x64
		{3477AAE6-360F-4678-BF75-D678DE35C36A}.Debug|x64.Build.0 = Debug|x64
		{3477AAE6-360F-4678-BF75-D678DE35C36A}.Debug|x86.ActiveCfg = Debug|Win32
		{3477AAE6-360F-4678-BF75-D678DE35C36A}.Debug|x86.Build.0 = Debug|Win32
		{3477AAE6-360F-4678-BF75-D678DE35C36A}.Release|x64.ActiveCfg = Release|x64
		{3477AAE6-360F-4678-BF75-D678DE35C36A}.Release|x64.Build.0 = Release|x64
		{3477AAE6-360F-4678-BF75-D678DE35C36A}.Release|x86.ActiveCfg = Release|Win32
		{3477AAE6-360F-4678-BF75-D678DE35C36A}.Release|x86.Build.0 = Release|Win32
	EndGlobalSection
	GlobalSection(SolutionProperties) = preSolution
		HideSolutionNode = FALSE
	EndGlobalSection
	GlobalSection(ExtensibilityGlobals) = postSolution
		SolutionGuid = {D5720A3F-B3C4-4A76-8F3F-F5FFFE17C994}
	EndGlobalSection
EndGlobal
